
Microsoft Visual Studio Solution File, Format Version 12.00
# Visual Studio 14
VisualStudioVersion = 14.0.25123.0
MinimumVisualStudioVersion = 10.0.40219.1
Project("{FAE04EC0-301F-11D3-BF4B-00C04F79EFBC}") = "SimpleCode", "SimpleCode.csproj", "{5D2BFF67-1817-4D99-9AD0-201AB005F400}"
EndProject
Project("{FAE04EC0-301F-11D3-BF4B-00C04F79EFBC}") = "SimpleCodeUnitTest", "..\SimpleCodeUnitTest\SimpleCodeUnitTest.csproj", "{05978FED-C822-43CB-BC1E-0AF136FC4D64}"
EndProject
Global
	GlobalSection(SolutionConfigurationPlatforms) = preSolution
		Debug|Any CPU = Debug|Any CPU
		Release|Any CPU = Release|Any CPU
	EndGlobalSection
	GlobalSection(ProjectConfigurationPlatforms) = postSolution
		{5D2BFF67-1817-4D99-9AD0-201AB005F400}.Debug|Any CPU.ActiveCfg = Debug|Any CPU
		{5D2BFF67-1817-4D99-9AD0-201AB005F400}.Debug|Any CPU.Build.0 = Debug|Any CPU
		{5D2BFF67-1817-4D99-9AD0-201AB005F400}.Release|Any CPU.ActiveCfg = Release|Any CPU
		{5D2BFF67-1817-4D99-9AD0-201AB005F400}.Release|Any CPU.Build.0 = Release|Any CPU
		{05978FED-C822-43CB-BC1E-0AF136FC4D64}.Debug|Any CPU.ActiveCfg = Debug|Any CPU
		{05978FED-C822-43CB-BC1E-0AF136FC4D64}.Debug|Any CPU.Build.0 = Debug|Any CPU
		{05978FED-C822-43CB-BC1E-0AF136FC4D64}.Release|Any CPU.ActiveCfg = Release|Any CPU
		{05978FED-C822-43CB-BC1E-0AF136FC4D64}.Release|Any CPU.Build.0 = Release|Any CPU
	EndGlobalSection
	GlobalSection(SolutionProperties) = preSolution
		HideSolutionNode = FALSE
	EndGlobalSection
EndGlobal
